{
  "version": 1,
  "dependencies": {
    "net8.0-windows8.0": {
      "DalamudPackager": {
        "type": "Direct",
        "requested": "[11.0.0, )",
        "resolved": "11.0.0",
        "contentHash": "bjT7XUlhIJSmsE/O76b7weUX+evvGQctbQB8aKXt94o+oPWxHpCepxAGMs7Thow3AzCyqWs7cOpp9/2wcgRRQA=="
      },
      "System.Speech": {
        "type": "Direct",
        "requested": "[9.0.0, )",
        "resolved": "9.0.0",
        "contentHash": "z8mvEVBfWSi0692vPOra8MougSEJCDzlaLj4g0aA87XDZpJoJD3BJTcJ0MuFbbN1fOT9Cr2ZFqXhZc+zzX0Gwg=="
      }
    }
  }
}