{
  "version": 1,
  "dependencies": {
    "net6.0-windows7.0": {
      "DalamudPackager": {
        "type": "Direct",
        "requested": "[2.1.6, )",
        "resolved": "2.1.6",
        "contentHash": "JGgpGP2FMM5Vt4utyDD+xV2+XXfo3Rb3VgJ4FnvzkWlvn4JG/bBILo6mDubWCPjDGqT0n6dF1JRG0r5ygLv/ng=="
      },
      "System.Speech": {
        "type": "Direct",
        "requested": "[6.0.0, )",
        "resolved": "6.0.0",
        "contentHash": "GQovERMrNP0Vbtgk8LzH4PlFS6lqHgsL9WkUmv8Kkxa0m0vNakitytpHZlfJ9WR7n9WKLXh68nn2kyL9mflnLg=="
      }
    }
  }
}